// !$*UTF8*$!
{
	archiveVersion = 1;
	classes = {
	};
	objectVersion = 55;
	objects = {

/* Begin PBXBuildFile section */
		1E466C2A28C7AD59003C49CC /* Tests_iOS.swift in Sources */ = {isa = PBXBuildFile; fileRef = 1E466C2928C7AD59003C49CC /* Tests_iOS.swift */; };
		1E466C2C28C7AD59003C49CC /* Tests_iOSLaunchTests.swift in Sources */ = {isa = PBXBuildFile; fileRef = 1E466C2B28C7AD59003C49CC /* Tests_iOSLaunchTests.swift */; };
		1E466C3628C7AD5A003C49CC /* Tests_macOS.swift in Sources */ = {isa = PBXBuildFile; fileRef = 1E466C3528C7AD5A003C49CC /* Tests_macOS.swift */; };
		1E466C3828C7AD5A003C49CC /* Tests_macOSLaunchTests.swift in Sources */ = {isa = PBXBuildFile; fileRef = 1E466C3728C7AD5A003C49CC /* Tests_macOSLaunchTests.swift */; };
		1E466C3928C7AD5A003C49CC /* AnesthesiaApp.swift in Sources */ = {isa = PBXBuildFile; fileRef = 1E466C1128C7AD56003C49CC /* AnesthesiaApp.swift */; };
		1E466C3A28C7AD5A003C49CC /* AnesthesiaApp.swift in Sources */ = {isa = PBXBuildFile; fileRef = 1E466C1128C7AD56003C49CC /* AnesthesiaApp.swift */; };
		1E466C3B28C7AD5A003C49CC /* LoginView.swift in Sources */ = {isa = PBXBuildFile; fileRef = 1E466C1228C7AD56003C49CC /* LoginView.swift */; };
		1E466C3C28C7AD5A003C49CC /* LoginView.swift in Sources */ = {isa = PBXBuildFile; fileRef = 1E466C1228C7AD56003C49CC /* LoginView.swift */; };
		1E466C3D28C7AD5A003C49CC /* Assets.xcassets in Resources */ = {isa = PBXBuildFile; fileRef = 1E466C1328C7AD59003C49CC /* Assets.xcassets */; };
		1E466C3E28C7AD5A003C49CC /* Assets.xcassets in Resources */ = {isa = PBXBuildFile; fileRef = 1E466C1328C7AD59003C49CC /* Assets.xcassets */; };
		1E838EE928D7A62700BC1F7E /* MainView.swift in Sources */ = {isa = PBXBuildFile; fileRef = 1E838EE828D7A62700BC1F7E /* MainView.swift */; };
		1E838EEA28D7A62700BC1F7E /* MainView.swift in Sources */ = {isa = PBXBuildFile; fileRef = 1E838EE828D7A62700BC1F7E /* MainView.swift */; };
		1E838EEC28D7A73200BC1F7E /* CreateAccountView.swift in Sources */ = {isa = PBXBuildFile; fileRef = 1E838EEB28D7A73200BC1F7E /* CreateAccountView.swift */; };
		1E838EED28D7A73200BC1F7E /* CreateAccountView.swift in Sources */ = {isa = PBXBuildFile; fileRef = 1E838EEB28D7A73200BC1F7E /* CreateAccountView.swift */; };
/* End PBXBuildFile section */

/* Begin PBXContainerItemProxy section */
		1E466C2628C7AD59003C49CC /* PBXContainerItemProxy */ = {
			isa = PBXContainerItemProxy;
			containerPortal = 1E466C0C28C7AD56003C49CC /* Project object */;
			proxyType = 1;
			remoteGlobalIDString = 1E466C1728C7AD59003C49CC;
			remoteInfo = "Anesthesia (iOS)";
		};
		1E466C3228C7AD5A003C49CC /* PBXContainerItemProxy */ = {
			isa = PBXContainerItemProxy;
			containerPortal = 1E466C0C28C7AD56003C49CC /* Project object */;
			proxyType = 1;
			remoteGlobalIDString = 1E466C1D28C7AD59003C49CC;
			remoteInfo = "Anesthesia (macOS)";
		};
/* End PBXContainerItemProxy section */

/* Begin PBXFileReference section */
		1E16913928C7B250007AE596 /* .gitignore */ = {isa = PBXFileReference; lastKnownFileType = text; path = .gitignore; sourceTree = "<group>"; };
		1E466C1128C7AD56003C49CC /* AnesthesiaApp.swift */ = {isa = PBXFileReference; lastKnownFileType = sourcecode.swift; path = AnesthesiaApp.swift; sourceTree = "<group>"; };
		1E466C1228C7AD56003C49CC /* LoginView.swift */ = {isa = PBXFileReference; lastKnownFileType = sourcecode.swift; path = LoginView.swift; sourceTree = "<group>"; };
		1E466C1328C7AD59003C49CC /* Assets.xcassets */ = {isa = PBXFileReference; lastKnownFileType = folder.assetcatalog; path = Assets.xcassets; sourceTree = "<group>"; };
		1E466C1828C7AD59003C49CC /* Anesthesia.app */ = {isa = PBXFileReference; explicitFileType = wrapper.application; includeInIndex = 0; path = Anesthesia.app; sourceTree = BUILT_PRODUCTS_DIR; };
		1E466C1E28C7AD59003C49CC /* Anesthesia.app */ = {isa = PBXFileReference; explicitFileType = wrapper.application; includeInIndex = 0; path = Anesthesia.app; sourceTree = BUILT_PRODUCTS_DIR; };
		1E466C2028C7AD59003C49CC /* macOS.entitlements */ = {isa = PBXFileReference; lastKnownFileType = text.plist.entitlements; path = macOS.entitlements; sourceTree = "<group>"; };
		1E466C2528C7AD59003C49CC /* Tests iOS.xctest */ = {isa = PBXFileReference; explicitFileType = wrapper.cfbundle; includeInIndex = 0; path = "Tests iOS.xctest"; sourceTree = BUILT_PRODUCTS_DIR; };
		1E466C2928C7AD59003C49CC /* Tests_iOS.swift */ = {isa = PBXFileReference; lastKnownFileType = sourcecode.swift; path = Tests_iOS.swift; sourceTree = "<group>"; };
		1E466C2B28C7AD59003C49CC /* Tests_iOSLaunchTests.swift */ = {isa = PBXFileReference; lastKnownFileType = sourcecode.swift; path = Tests_iOSLaunchTests.swift; sourceTree = "<group>"; };
		1E466C3128C7AD5A003C49CC /* Tests macOS.xctest */ = {isa = PBXFileReference; explicitFileType = wrapper.cfbundle; includeInIndex = 0; path = "Tests macOS.xctest"; sourceTree = BUILT_PRODUCTS_DIR; };
		1E466C3528C7AD5A003C49CC /* Tests_macOS.swift */ = {isa = PBXFileReference; lastKnownFileType = sourcecode.swift; path = Tests_macOS.swift; sourceTree = "<group>"; };
		1E466C3728C7AD5A003C49CC /* Tests_macOSLaunchTests.swift */ = {isa = PBXFileReference; lastKnownFileType = sourcecode.swift; path = Tests_macOSLaunchTests.swift; sourceTree = "<group>"; };
		1E838EE828D7A62700BC1F7E /* MainView.swift */ = {isa = PBXFileReference; lastKnownFileType = sourcecode.swift; path = MainView.swift; sourceTree = "<group>"; };
		1E838EEB28D7A73200BC1F7E /* CreateAccountView.swift */ = {isa = PBXFileReference; lastKnownFileType = sourcecode.swift; path = CreateAccountView.swift; sourceTree = "<group>"; };
/* End PBXFileReference section */

/* Begin PBXFrameworksBuildPhase section */
		1E466C1528C7AD59003C49CC /* Frameworks */ = {
			isa = PBXFrameworksBuildPhase;
			buildActionMask = 2147483647;
			files = (
			);
			runOnlyForDeploymentPostprocessing = 0;
		};
		1E466C1B28C7AD59003C49CC /* Frameworks */ = {
			isa = PBXFrameworksBuildPhase;
			buildActionMask = 2147483647;
			files = (
			);
			runOnlyForDeploymentPostprocessing = 0;
		};
		1E466C2228C7AD59003C49CC /* Frameworks */ = {
			isa = PBXFrameworksBuildPhase;
			buildActionMask = 2147483647;
			files = (
			);
			runOnlyForDeploymentPostprocessing = 0;
		};
		1E466C2E28C7AD5A003C49CC /* Frameworks */ = {
			isa = PBXFrameworksBuildPhase;
			buildActionMask = 2147483647;
			files = (
			);
			runOnlyForDeploymentPostprocessing = 0;
		};
/* End PBXFrameworksBuildPhase section */

/* Begin PBXGroup section */
		1E466C0B28C7AD56003C49CC = {
			isa = PBXGroup;
			children = (
				1E16913928C7B250007AE596 /* .gitignore */,
				1E466C1028C7AD56003C49CC /* Shared */,
				1E466C1F28C7AD59003C49CC /* macOS */,
				1E466C2828C7AD59003C49CC /* Tests iOS */,
				1E466C3428C7AD5A003C49CC /* Tests macOS */,
				1E466C1928C7AD59003C49CC /* Products */,
			);
			sourceTree = "<group>";
		};
		1E466C1028C7AD56003C49CC /* Shared */ = {
			isa = PBXGroup;
			children = (
				1E466C1128C7AD56003C49CC /* AnesthesiaApp.swift */,
				1E466C1228C7AD56003C49CC /* LoginView.swift */,
				1E838EEB28D7A73200BC1F7E /* CreateAccountView.swift */,
				1E838EE828D7A62700BC1F7E /* MainView.swift */,
				1E466C1328C7AD59003C49CC /* Assets.xcassets */,
			);
			path = Shared;
			sourceTree = "<group>";
		};
		1E466C1928C7AD59003C49CC /* Products */ = {
			isa = PBXGroup;
			children = (
				1E466C1828C7AD59003C49CC /* Anesthesia.app */,
				1E466C1E28C7AD59003C49CC /* Anesthesia.app */,
				1E466C2528C7AD59003C49CC /* Tests iOS.xctest */,
				1E466C3128C7AD5A003C49CC /* Tests macOS.xctest */,
			);
			name = Products;
			sourceTree = "<group>";
		};
		1E466C1F28C7AD59003C49CC /* macOS */ = {
			isa = PBXGroup;
			children = (
				1E466C2028C7AD59003C49CC /* macOS.entitlements */,
			);
			path = macOS;
			sourceTree = "<group>";
		};
		1E466C2828C7AD59003C49CC /* Tests iOS */ = {
			isa = PBXGroup;
			children = (
				1E466C2928C7AD59003C49CC /* Tests_iOS.swift */,
				1E466C2B28C7AD59003C49CC /* Tests_iOSLaunchTests.swift */,
			);
			path = "Tests iOS";
			sourceTree = "<group>";
		};
		1E466C3428C7AD5A003C49CC /* Tests macOS */ = {
			isa = PBXGroup;
			children = (
				1E466C3528C7AD5A003C49CC /* Tests_macOS.swift */,
				1E466C3728C7AD5A003C49CC /* Tests_macOSLaunchTests.swift */,
			);
			path = "Tests macOS";
			sourceTree = "<group>";
		};
/* End PBXGroup section */

/* Begin PBXNativeTarget section */
		1E466C1728C7AD59003C49CC /* Anesthesia (iOS) */ = {
			isa = PBXNativeTarget;
			buildConfigurationList = 1E466C4128C7AD5A003C49CC /* Build configuration list for PBXNativeTarget "Anesthesia (iOS)" */;
			buildPhases = (
				1E466C1428C7AD59003C49CC /* Sources */,
				1E466C1528C7AD59003C49CC /* Frameworks */,
				1E466C1628C7AD59003C49CC /* Resources */,
			);
			buildRules = (
			);
			dependencies = (
			);
			name = "Anesthesia (iOS)";
			productName = "Anesthesia (iOS)";
			productReference = 1E466C1828C7AD59003C49CC /* Anesthesia.app */;
			productType = "com.apple.product-type.application";
		};
		1E466C1D28C7AD59003C49CC /* Anesthesia (macOS) */ = {
			isa = PBXNativeTarget;
			buildConfigurationList = 1E466C4428C7AD5A003C49CC /* Build configuration list for PBXNativeTarget "Anesthesia (macOS)" */;
			buildPhases = (
				1E466C1A28C7AD59003C49CC /* Sources */,
				1E466C1B28C7AD59003C49CC /* Frameworks */,
				1E466C1C28C7AD59003C49CC /* Resources */,
			);
			buildRules = (
			);
			dependencies = (
			);
			name = "Anesthesia (macOS)";
			productName = "Anesthesia (macOS)";
			productReference = 1E466C1E28C7AD59003C49CC /* Anesthesia.app */;
			productType = "com.apple.product-type.application";
		};
		1E466C2428C7AD59003C49CC /* Tests iOS */ = {
			isa = PBXNativeTarget;
			buildConfigurationList = 1E466C4728C7AD5A003C49CC /* Build configuration list for PBXNativeTarget "Tests iOS" */;
			buildPhases = (
				1E466C2128C7AD59003C49CC /* Sources */,
				1E466C2228C7AD59003C49CC /* Frameworks */,
				1E466C2328C7AD59003C49CC /* Resources */,
			);
			buildRules = (
			);
			dependencies = (
				1E466C2728C7AD59003C49CC /* PBXTargetDependency */,
			);
			name = "Tests iOS";
			productName = "Tests iOS";
			productReference = 1E466C2528C7AD59003C49CC /* Tests iOS.xctest */;
			productType = "com.apple.product-type.bundle.ui-testing";
		};
		1E466C3028C7AD5A003C49CC /* Tests macOS */ = {
			isa = PBXNativeTarget;
			buildConfigurationList = 1E466C4A28C7AD5A003C49CC /* Build configuration list for PBXNativeTarget "Tests macOS" */;
			buildPhases = (
				1E466C2D28C7AD5A003C49CC /* Sources */,
				1E466C2E28C7AD5A003C49CC /* Frameworks */,
				1E466C2F28C7AD5A003C49CC /* Resources */,
			);
			buildRules = (
			);
			dependencies = (
				1E466C3328C7AD5A003C49CC /* PBXTargetDependency */,
			);
			name = "Tests macOS";
			productName = "Tests macOS";
			productReference = 1E466C3128C7AD5A003C49CC /* Tests macOS.xctest */;
			productType = "com.apple.product-type.bundle.ui-testing";
		};
/* End PBXNativeTarget section */

/* Begin PBXProject section */
		1E466C0C28C7AD56003C49CC /* Project object */ = {
			isa = PBXProject;
			attributes = {
				BuildIndependentTargetsInParallel = 1;
				LastSwiftUpdateCheck = 1340;
				LastUpgradeCheck = 1340;
				TargetAttributes = {
					1E466C1728C7AD59003C49CC = {
						CreatedOnToolsVersion = 13.4.1;
					};
					1E466C1D28C7AD59003C49CC = {
						CreatedOnToolsVersion = 13.4.1;
					};
					1E466C2428C7AD59003C49CC = {
						CreatedOnToolsVersion = 13.4.1;
						TestTargetID = 1E466C1728C7AD59003C49CC;
					};
					1E466C3028C7AD5A003C49CC = {
						CreatedOnToolsVersion = 13.4.1;
						TestTargetID = 1E466C1D28C7AD59003C49CC;
					};
				};
			};
			buildConfigurationList = 1E466C0F28C7AD56003C49CC /* Build configuration list for PBXProject "Anesthesia" */;
			compatibilityVersion = "Xcode 13.0";
			developmentRegion = en;
			hasScannedForEncodings = 0;
			knownRegions = (
				en,
				Base,
			);
			mainGroup = 1E466C0B28C7AD56003C49CC;
			productRefGroup = 1E466C1928C7AD59003C49CC /* Products */;
			projectDirPath = "";
			projectRoot = "";
			targets = (
				1E466C1728C7AD59003C49CC /* Anesthesia (iOS) */,
				1E466C1D28C7AD59003C49CC /* Anesthesia (macOS) */,
				1E466C2428C7AD59003C49CC /* Tests iOS */,
				1E466C3028C7AD5A003C49CC /* Tests macOS */,
			);
		};
/* End PBXProject section */

/* Begin PBXResourcesBuildPhase section */
		1E466C1628C7AD59003C49CC /* Resources */ = {
			isa = PBXResourcesBuildPhase;
			buildActionMask = 2147483647;
			files = (
				1E466C3D28C7AD5A003C49CC /* Assets.xcassets in Resources */,
			);
			runOnlyForDeploymentPostprocessing = 0;
		};
		1E466C1C28C7AD59003C49CC /* Resources */ = {
			isa = PBXResourcesBuildPhase;
			buildActionMask = 2147483647;
			files = (
				1E466C3E28C7AD5A003C49CC /* Assets.xcassets in Resources */,
			);
			runOnlyForDeploymentPostprocessing = 0;
		};
		1E466C2328C7AD59003C49CC /* Resources */ = {
			isa = PBXResourcesBuildPhase;
			buildActionMask = 2147483647;
			files = (
			);
			runOnlyForDeploymentPostprocessing = 0;
		};
		1E466C2F28C7AD5A003C49CC /* Resources */ = {
			isa = PBXResourcesBuildPhase;
			buildActionMask = 2147483647;
			files = (
			);
			runOnlyForDeploymentPostprocessing = 0;
		};
/* End PBXResourcesBuildPhase section */

/* Begin PBXSourcesBuildPhase section */
		1E466C1428C7AD59003C49CC /* Sources */ = {
			isa = PBXSourcesBuildPhase;
			buildActionMask = 2147483647;
			files = (
				1E466C3B28C7AD5A003C49CC /* LoginView.swift in Sources */,
				1E838EE928D7A62700BC1F7E /* MainView.swift in Sources */,
				1E838EEC28D7A73200BC1F7E /* CreateAccountView.swift in Sources */,
				1E466C3928C7AD5A003C49CC /* AnesthesiaApp.swift in Sources */,
			);
			runOnlyForDeploymentPostprocessing = 0;
		};
		1E466C1A28C7AD59003C49CC /* Sources */ = {
			isa = PBXSourcesBuildPhase;
			buildActionMask = 2147483647;
			files = (
				1E466C3C28C7AD5A003C49CC /* LoginView.swift in Sources */,
				1E838EEA28D7A62700BC1F7E /* MainView.swift in Sources */,
				1E838EED28D7A73200BC1F7E /* CreateAccountView.swift in Sources */,
				1E466C3A28C7AD5A003C49CC /* AnesthesiaApp.swift in Sources */,
			);
			runOnlyForDeploymentPostprocessing = 0;
		};
		1E466C2128C7AD59003C49CC /* Sources */ = {
			isa = PBXSourcesBuildPhase;
			buildActionMask = 2147483647;
			files = (
				1E466C2C28C7AD59003C49CC /* Tests_iOSLaunchTests.swift in Sources */,
				1E466C2A28C7AD59003C49CC /* Tests_iOS.swift in Sources */,
			);
			runOnlyForDeploymentPostprocessing = 0;
		};
		1E466C2D28C7AD5A003C49CC /* Sources */ = {
			isa = PBXSourcesBuildPhase;
			buildActionMask = 2147483647;
			files = (
				1E466C3828C7AD5A003C49CC /* Tests_macOSLaunchTests.swift in Sources */,
				1E466C3628C7AD5A003C49CC /* Tests_macOS.swift in Sources */,
			);
			runOnlyForDeploymentPostprocessing = 0;
		};
/* End PBXSourcesBuildPhase section */

/* Begin PBXTargetDependency section */
		1E466C2728C7AD59003C49CC /* PBXTargetDependency */ = {
			isa = PBXTargetDependency;
			target = 1E466C1728C7AD59003C49CC /* Anesthesia (iOS) */;
			targetProxy = 1E466C2628C7AD59003C49CC /* PBXContainerItemProxy */;
		};
		1E466C3328C7AD5A003C49CC /* PBXTargetDependency */ = {
			isa = PBXTargetDependency;
			target = 1E466C1D28C7AD59003C49CC /* Anesthesia (macOS) */;
			targetProxy = 1E466C3228C7AD5A003C49CC /* PBXContainerItemProxy */;
		};
/* End PBXTargetDependency section */

/* Begin XCBuildConfiguration section */
		1E466C3F28C7AD5A003C49CC /* Debug */ = {
			isa = XCBuildConfiguration;
			buildSettings = {
				ALWAYS_SEARCH_USER_PATHS = NO;
				CLANG_ANALYZER_NONNULL = YES;
				CLANG_ANALYZER_NUMBER_OBJECT_CONVERSION = YES_AGGRESSIVE;
				CLANG_CXX_LANGUAGE_STANDARD = "gnu++17";
				CLANG_ENABLE_MODULES = YES;
				CLANG_ENABLE_OBJC_ARC = YES;
				CLANG_ENABLE_OBJC_WEAK = YES;
				CLANG_WARN_BLOCK_CAPTURE_AUTORELEASING = YES;
				CLANG_WARN_BOOL_CONVERSION = YES;
				CLANG_WARN_COMMA = YES;
				CLANG_WARN_CONSTANT_CONVERSION = YES;
				CLANG_WARN_DEPRECATED_OBJC_IMPLEMENTATIONS = YES;
				CLANG_WARN_DIRECT_OBJC_ISA_USAGE = YES_ERROR;
				CLANG_WARN_DOCUMENTATION_COMMENTS = YES;
				CLANG_WARN_EMPTY_BODY = YES;
				CLANG_WARN_ENUM_CONVERSION = YES;
				CLANG_WARN_INFINITE_RECURSION = YES;
				CLANG_WARN_INT_CONVERSION = YES;
				CLANG_WARN_NON_LITERAL_NULL_CONVERSION = YES;
				CLANG_WARN_OBJC_IMPLICIT_RETAIN_SELF = YES;
				CLANG_WARN_OBJC_LITERAL_CONVERSION = YES;
				CLANG_WARN_OBJC_ROOT_CLASS = YES_ERROR;
				CLANG_WARN_QUOTED_INCLUDE_IN_FRAMEWORK_HEADER = YES;
				CLANG_WARN_RANGE_LOOP_ANALYSIS = YES;
				CLANG_WARN_STRICT_PROTOTYPES = YES;
				CLANG_WARN_SUSPICIOUS_MOVE = YES;
				CLANG_WARN_UNGUARDED_AVAILABILITY = YES_AGGRESSIVE;
				CLANG_WARN_UNREACHABLE_CODE = YES;
				CLANG_WARN__DUPLICATE_METHOD_MATCH = YES;
				COPY_PHASE_STRIP = NO;
				DEBUG_INFORMATION_FORMAT = dwarf;
				ENABLE_STRICT_OBJC_MSGSEND = YES;
				ENABLE_TESTABILITY = YES;
				GCC_C_LANGUAGE_STANDARD = gnu11;
				GCC_DYNAMIC_NO_PIC = NO;
				GCC_NO_COMMON_BLOCKS = YES;
				GCC_OPTIMIZATION_LEVEL = 0;
				GCC_PREPROCESSOR_DEFINITIONS = (
					"DEBUG=1",
					"$(inherited)",
				);
				GCC_WARN_64_TO_32_BIT_CONVERSION = YES;
				GCC_WARN_ABOUT_RETURN_TYPE = YES_ERROR;
				GCC_WARN_UNDECLARED_SELECTOR = YES;
				GCC_WARN_UNINITIALIZED_AUTOS = YES_AGGRESSIVE;
				GCC_WARN_UNUSED_FUNCTION = YES;
				GCC_WARN_UNUSED_VARIABLE = YES;
				MTL_ENABLE_DEBUG_INFO = INCLUDE_SOURCE;
				MTL_FAST_MATH = YES;
				ONLY_ACTIVE_ARCH = YES;
				SWIFT_ACTIVE_COMPILATION_CONDITIONS = DEBUG;
				SWIFT_OPTIMIZATION_LEVEL = "-Onone";
			};
			name = Debug;
		};
		1E466C4028C7AD5A003C49CC /* Release */ = {
			isa = XCBuildConfiguration;
			buildSettings = {
				ALWAYS_SEARCH_USER_PATHS = NO;
				CLANG_ANALYZER_NONNULL = YES;
				CLANG_ANALYZER_NUMBER_OBJECT_CONVERSION = YES_AGGRESSIVE;
				CLANG_CXX_LANGUAGE_STANDARD = "gnu++17";
				CLANG_ENABLE_MODULES = YES;
				CLANG_ENABLE_OBJC_ARC = YES;
				CLANG_ENABLE_OBJC_WEAK = YES;
				CLANG_WARN_BLOCK_CAPTURE_AUTORELEASING = YES;
				CLANG_WARN_BOOL_CONVERSION = YES;
				CLANG_WARN_COMMA = YES;
				CLANG_WARN_CONSTANT_CONVERSION = YES;
				CLANG_WARN_DEPRECATED_OBJC_IMPLEMENTATIONS = YES;
				CLANG_WARN_DIRECT_OBJC_ISA_USAGE = YES_ERROR;
				CLANG_WARN_DOCUMENTATION_COMMENTS = YES;
				CLANG_WARN_EMPTY_BODY = YES;
				CLANG_WARN_ENUM_CONVERSION = YES;
				CLANG_WARN_INFINITE_RECURSION = YES;
				CLANG_WARN_INT_CONVERSION = YES;
				CLANG_WARN_NON_LITERAL_NULL_CONVERSION = YES;
				CLANG_WARN_OBJC_IMPLICIT_RETAIN_SELF = YES;
				CLANG_WARN_OBJC_LITERAL_CONVERSION = YES;
				CLANG_WARN_OBJC_ROOT_CLASS = YES_ERROR;
				CLANG_WARN_QUOTED_INCLUDE_IN_FRAMEWORK_HEADER = YES;
				CLANG_WARN_RANGE_LOOP_ANALYSIS = YES;
				CLANG_WARN_STRICT_PROTOTYPES = YES;
				CLANG_WARN_SUSPICIOUS_MOVE = YES;
				CLANG_WARN_UNGUARDED_AVAILABILITY = YES_AGGRESSIVE;
				CLANG_WARN_UNREACHABLE_CODE = YES;
				CLANG_WARN__DUPLICATE_METHOD_MATCH = YES;
				COPY_PHASE_STRIP = NO;
				DEBUG_INFORMATION_FORMAT = "dwarf-with-dsym";
				ENABLE_NS_ASSERTIONS = NO;
				ENABLE_STRICT_OBJC_MSGSEND = YES;
				GCC_C_LANGUAGE_STANDARD = gnu11;
				GCC_NO_COMMON_BLOCKS = YES;
				GCC_WARN_64_TO_32_BIT_CONVERSION = YES;
				GCC_WARN_ABOUT_RETURN_TYPE = YES_ERROR;
				GCC_WARN_UNDECLARED_SELECTOR = YES;
				GCC_WARN_UNINITIALIZED_AUTOS = YES_AGGRESSIVE;
				GCC_WARN_UNUSED_FUNCTION = YES;
				GCC_WARN_UNUSED_VARIABLE = YES;
				MTL_ENABLE_DEBUG_INFO = NO;
				MTL_FAST_MATH = YES;
				SWIFT_COMPILATION_MODE = wholemodule;
				SWIFT_OPTIMIZATION_LEVEL = "-O";
			};
			name = Release;
		};
		1E466C4228C7AD5A003C49CC /* Debug */ = {
			isa = XCBuildConfiguration;
			buildSettings = {
				ASSETCATALOG_COMPILER_APPICON_NAME = AppIcon;
				ASSETCATALOG_COMPILER_GLOBAL_ACCENT_COLOR_NAME = AccentColor;
				CODE_SIGN_STYLE = Automatic;
				CURRENT_PROJECT_VERSION = 1;
				ENABLE_PREVIEWS = YES;
				GENERATE_INFOPLIST_FILE = YES;
				INFOPLIST_KEY_UIApplicationSceneManifest_Generation = YES;
				INFOPLIST_KEY_UIApplicationSupportsIndirectInputEvents = YES;
				INFOPLIST_KEY_UILaunchScreen_Generation = YES;
				INFOPLIST_KEY_UISupportedInterfaceOrientations_iPad = "UIInterfaceOrientationPortrait UIInterfaceOrientationPortraitUpsideDown UIInterfaceOrientationLandscapeLeft UIInterfaceOrientationLandscapeRight";
				INFOPLIST_KEY_UISupportedInterfaceOrientations_iPhone = "UIInterfaceOrientationPortrait UIInterfaceOrientationLandscapeLeft UIInterfaceOrientationLandscapeRight";
				IPHONEOS_DEPLOYMENT_TARGET = 15.5;
				LD_RUNPATH_SEARCH_PATHS = (
					"$(inherited)",
					"@executable_path/Frameworks",
				);
				MARKETING_VERSION = 1.0;
				PRODUCT_BUNDLE_IDENTIFIER = me.coopersully.Anesthesia;
				PRODUCT_NAME = Anesthesia;
				SDKROOT = iphoneos;
				SWIFT_EMIT_LOC_STRINGS = YES;
				SWIFT_VERSION = 5.0;
				TARGETED_DEVICE_FAMILY = "1,2";
			};
			name = Debug;
		};
		1E466C4328C7AD5A003C49CC /* Release */ = {
			isa = XCBuildConfiguration;
			buildSettings = {
				ASSETCATALOG_COMPILER_APPICON_NAME = AppIcon;
				ASSETCATALOG_COMPILER_GLOBAL_ACCENT_COLOR_NAME = AccentColor;
				CODE_SIGN_STYLE = Automatic;
				CURRENT_PROJECT_VERSION = 1;
				ENABLE_PREVIEWS = YES;
				GENERATE_INFOPLIST_FILE = YES;
				INFOPLIST_KEY_UIApplicationSceneManifest_Generation = YES;
				INFOPLIST_KEY_UIApplicationSupportsIndirectInputEvents = YES;
				INFOPLIST_KEY_UILaunchScreen_Generation = YES;
				INFOPLIST_KEY_UISupportedInterfaceOrientations_iPad = "UIInterfaceOrientationPortrait UIInterfaceOrientationPortraitUpsideDown UIInterfaceOrientationLandscapeLeft UIInterfaceOrientationLandscapeRight";
				INFOPLIST_KEY_UISupportedInterfaceOrientations_iPhone = "UIInterfaceOrientationPortrait UIInterfaceOrientationLandscapeLeft UIInterfaceOrientationLandscapeRight";
				IPHONEOS_DEPLOYMENT_TARGET = 15.5;
				LD_RUNPATH_SEARCH_PATHS = (
					"$(inherited)",
					"@executable_path/Frameworks",
				);
				MARKETING_VERSION = 1.0;
				PRODUCT_BUNDLE_IDENTIFIER = me.coopersully.Anesthesia;
				PRODUCT_NAME = Anesthesia;
				SDKROOT = iphoneos;
				SWIFT_EMIT_LOC_STRINGS = YES;
				SWIFT_VERSION = 5.0;
				TARGETED_DEVICE_FAMILY = "1,2";
				VALIDATE_PRODUCT = YES;
			};
			name = Release;
		};
		1E466C4528C7AD5A003C49CC /* Debug */ = {
			isa = XCBuildConfiguration;
			buildSettings = {
				ASSETCATALOG_COMPILER_APPICON_NAME = AppIcon;
				ASSETCATALOG_COMPILER_GLOBAL_ACCENT_COLOR_NAME = AccentColor;
				CODE_SIGN_ENTITLEMENTS = macOS/macOS.entitlements;
				CODE_SIGN_STYLE = Automatic;
				COMBINE_HIDPI_IMAGES = YES;
				CURRENT_PROJECT_VERSION = 1;
				ENABLE_PREVIEWS = YES;
				GENERATE_INFOPLIST_FILE = YES;
				INFOPLIST_KEY_NSHumanReadableCopyright = "";
				LD_RUNPATH_SEARCH_PATHS = (
					"$(inherited)",
					"@executable_path/../Frameworks",
				);
				MACOSX_DEPLOYMENT_TARGET = 12.0;
				MARKETING_VERSION = 1.0;
				PRODUCT_BUNDLE_IDENTIFIER = me.coopersully.Anesthesia;
				PRODUCT_NAME = Anesthesia;
				SDKROOT = macosx;
				SWIFT_EMIT_LOC_STRINGS = YES;
				SWIFT_VERSION = 5.0;
			};
			name = Debug;
		};
		1E466C4628C7AD5A003C49CC /* Release */ = {
			isa = XCBuildConfiguration;
			buildSettings = {
				ASSETCATALOG_COMPILER_APPICON_NAME = AppIcon;
				ASSETCATALOG_COMPILER_GLOBAL_ACCENT_COLOR_NAME = AccentColor;
				CODE_SIGN_ENTITLEMENTS = macOS/macOS.entitlements;
				CODE_SIGN_STYLE = Automatic;
				COMBINE_HIDPI_IMAGES = YES;
				CURRENT_PROJECT_VERSION = 1;
				ENABLE_PREVIEWS = YES;
				GENERATE_INFOPLIST_FILE = YES;
				INFOPLIST_KEY_NSHumanReadableCopyright = "";
				LD_RUNPATH_SEARCH_PATHS = (
					"$(inherited)",
					"@executable_path/../Frameworks",
				);
				MACOSX_DEPLOYMENT_TARGET = 12.0;
				MARKETING_VERSION = 1.0;
				PRODUCT_BUNDLE_IDENTIFIER = me.coopersully.Anesthesia;
				PRODUCT_NAME = Anesthesia;
				SDKROOT = macosx;
				SWIFT_EMIT_LOC_STRINGS = YES;
				SWIFT_VERSION = 5.0;
			};
			name = Release;
		};
		1E466C4828C7AD5A003C49CC /* Debug */ = {
			isa = XCBuildConfiguration;
			buildSettings = {
				ALWAYS_EMBED_SWIFT_STANDARD_LIBRARIES = YES;
				CODE_SIGN_STYLE = Automatic;
				CURRENT_PROJECT_VERSION = 1;
				GENERATE_INFOPLIST_FILE = YES;
				IPHONEOS_DEPLOYMENT_TARGET = 15.5;
				MARKETING_VERSION = 1.0;
				PRODUCT_BUNDLE_IDENTIFIER = "me.coopersully.Tests-iOS";
				PRODUCT_NAME = "$(TARGET_NAME)";
				SDKROOT = iphoneos;
				SWIFT_EMIT_LOC_STRINGS = NO;
				SWIFT_VERSION = 5.0;
				TARGETED_DEVICE_FAMILY = "1,2";
				TEST_TARGET_NAME = "Anesthesia (iOS)";
			};
			name = Debug;
		};
		1E466C4928C7AD5A003C49CC /* Release */ = {
			isa = XCBuildConfiguration;
			buildSettings = {
				ALWAYS_EMBED_SWIFT_STANDARD_LIBRARIES = YES;
				CODE_SIGN_STYLE = Automatic;
				CURRENT_PROJECT_VERSION = 1;
				GENERATE_INFOPLIST_FILE = YES;
				IPHONEOS_DEPLOYMENT_TARGET = 15.5;
				MARKETING_VERSION = 1.0;
				PRODUCT_BUNDLE_IDENTIFIER = "me.coopersully.Tests-iOS";
				PRODUCT_NAME = "$(TARGET_NAME)";
				SDKROOT = iphoneos;
				SWIFT_EMIT_LOC_STRINGS = NO;
				SWIFT_VERSION = 5.0;
				TARGETED_DEVICE_FAMILY = "1,2";
				TEST_TARGET_NAME = "Anesthesia (iOS)";
				VALIDATE_PRODUCT = YES;
			};
			name = Release;
		};
		1E466C4B28C7AD5A003C49CC /* Debug */ = {
			isa = XCBuildConfiguration;
			buildSettings = {
				ALWAYS_EMBED_SWIFT_STANDARD_LIBRARIES = YES;
				CODE_SIGN_STYLE = Automatic;
				CURRENT_PROJECT_VERSION = 1;
				GENERATE_INFOPLIST_FILE = YES;
				MACOSX_DEPLOYMENT_TARGET = 12.0;
				MARKETING_VERSION = 1.0;
				PRODUCT_BUNDLE_IDENTIFIER = "me.coopersully.Tests-macOS";
				PRODUCT_NAME = "$(TARGET_NAME)";
				SDKROOT = macosx;
				SWIFT_EMIT_LOC_STRINGS = NO;
				SWIFT_VERSION = 5.0;
				TEST_TARGET_NAME = "Anesthesia (macOS)";
			};
			name = Debug;
		};
		1E466C4C28C7AD5A003C49CC /* Release */ = {
			isa = XCBuildConfiguration;
			buildSettings = {
				ALWAYS_EMBED_SWIFT_STANDARD_LIBRARIES = YES;
				CODE_SIGN_STYLE = Automatic;
				CURRENT_PROJECT_VERSION = 1;
				GENERATE_INFOPLIST_FILE = YES;
				MACOSX_DEPLOYMENT_TARGET = 12.0;
				MARKETING_VERSION = 1.0;
				PRODUCT_BUNDLE_IDENTIFIER = "me.coopersully.Tests-macOS";
				PRODUCT_NAME = "$(TARGET_NAME)";
				SDKROOT = macosx;
				SWIFT_EMIT_LOC_STRINGS = NO;
				SWIFT_VERSION = 5.0;
				TEST_TARGET_NAME = "Anesthesia (macOS)";
			};
			name = Release;
		};
/* End XCBuildConfiguration section */

/* Begin XCConfigurationList section */
		1E466C0F28C7AD56003C49CC /* Build configuration list for PBXProject "Anesthesia" */ = {
			isa = XCConfigurationList;
			buildConfigurations = (
				1E466C3F28C7AD5A003C49CC /* Debug */,
				1E466C4028C7AD5A003C49CC /* Release */,
			);
			defaultConfigurationIsVisible = 0;
			defaultConfigurationName = Release;
		};
		1E466C4128C7AD5A003C49CC /* Build configuration list for PBXNativeTarget "Anesthesia (iOS)" */ = {
			isa = XCConfigurationList;
			buildConfigurations = (
				1E466C4228C7AD5A003C49CC /* Debug */,
				1E466C4328C7AD5A003C49CC /* Release */,
			);
			defaultConfigurationIsVisible = 0;
			defaultConfigurationName = Release;
		};
		1E466C4428C7AD5A003C49CC /* Build configuration list for PBXNativeTarget "Anesthesia (macOS)" */ = {
			isa = XCConfigurationList;
			buildConfigurations = (
				1E466C4528C7AD5A003C49CC /* Debug */,
				1E466C4628C7AD5A003C49CC /* Release */,
			);
			defaultConfigurationIsVisible = 0;
			defaultConfigurationName = Release;
		};
		1E466C4728C7AD5A003C49CC /* Build configuration list for PBXNativeTarget "Tests iOS" */ = {
			isa = XCConfigurationList;
			buildConfigurations = (
				1E466C4828C7AD5A003C49CC /* Debug */,
				1E466C4928C7AD5A003C49CC /* Release */,
			);
			defaultConfigurationIsVisible = 0;
			defaultConfigurationName = Release;
		};
		1E466C4A28C7AD5A003C49CC /* Build configuration list for PBXNativeTarget "Tests macOS" */ = {
			isa = XCConfigurationList;
			buildConfigurations = (
				1E466C4B28C7AD5A003C49CC /* Debug */,
				1E466C4C28C7AD5A003C49CC /* Release */,
			);
			defaultConfigurationIsVisible = 0;
			defaultConfigurationName = Release;
		};
/* End XCConfigurationList section */
	};
	rootObject = 1E466C0C28C7AD56003C49CC /* Project object */;
}
